// !$*UTF8*$!
{
	archiveVersion = 1;
	classes = {
	};
	objectVersion = 46;
	objects = {

/* Begin PBXBuildFile section */
		205559E31C7CEBC200E15BCF /* main.cpp in Sources */ = {isa = PBXBuildFile; fileRef = 205559E21C7CEBC200E15BCF /* main.cpp */; };
		205559EB1C7CEBE200E15BCF /* SDL_image.framework in Frameworks */ = {isa = PBXBuildFile; fileRef = 205559E91C7CEBE200E15BCF /* SDL_image.framework */; };
		205559EC1C7CEBE200E15BCF /* SDL.framework in Frameworks */ = {isa = PBXBuildFile; fileRef = 205559EA1C7CEBE200E15BCF /* SDL.framework */; };
		205559EF1C7CEC8E00E15BCF /* parseXML.cpp in Sources */ = {isa = PBXBuildFile; fileRef = 205559ED1C7CEC8E00E15BCF /* parseXML.cpp */; };
		205559F21C7CED0C00E15BCF /* manager.cpp in Sources */ = {isa = PBXBuildFile; fileRef = 205559F01C7CED0C00E15BCF /* manager.cpp */; };
		205559F51C7CED1600E15BCF /* sprite.cpp in Sources */ = {isa = PBXBuildFile; fileRef = 205559F31C7CED1600E15BCF /* sprite.cpp */; };
		205559F81C7CED1E00E15BCF /* clock.cpp in Sources */ = {isa = PBXBuildFile; fileRef = 205559F61C7CED1E00E15BCF /* clock.cpp */; };
		205559FB1C7CED4500E15BCF /* gamedata.cpp in Sources */ = {isa = PBXBuildFile; fileRef = 205559F91C7CED4500E15BCF /* gamedata.cpp */; };
		205559FE1C7CED5300E15BCF /* ioManager.cpp in Sources */ = {isa = PBXBuildFile; fileRef = 205559FC1C7CED5300E15BCF /* ioManager.cpp */; };
		20555A011C7CED6400E15BCF /* multisprite.cpp in Sources */ = {isa = PBXBuildFile; fileRef = 205559FF1C7CED6400E15BCF /* multisprite.cpp */; };
		20555A041C7CED7200E15BCF /* vector2f.cpp in Sources */ = {isa = PBXBuildFile; fileRef = 20555A021C7CED7200E15BCF /* vector2f.cpp */; };
		20555A071C7CED8000E15BCF /* viewport.cpp in Sources */ = {isa = PBXBuildFile; fileRef = 20555A051C7CED8000E15BCF /* viewport.cpp */; };
		20555A0A1C7CED8A00E15BCF /* world.cpp in Sources */ = {isa = PBXBuildFile; fileRef = 20555A081C7CED8A00E15BCF /* world.cpp */; };
		20555A0D1C7CEDC700E15BCF /* frameFactory.cpp in Sources */ = {isa = PBXBuildFile; fileRef = 20555A0B1C7CEDC700E15BCF /* frameFactory.cpp */; };
		20555A101C7CEDDE00E15BCF /* frame.cpp in Sources */ = {isa = PBXBuildFile; fileRef = 20555A0E1C7CEDDE00E15BCF /* frame.cpp */; };
		20555A131C7CEDEE00E15BCF /* extractSurface.cpp in Sources */ = {isa = PBXBuildFile; fileRef = 20555A111C7CEDEE00E15BCF /* extractSurface.cpp */; };
		20555A181C7CF8BD00E15BCF /* SDL_ttf.framework in Frameworks */ = {isa = PBXBuildFile; fileRef = 20555A171C7CF8BD00E15BCF /* SDL_ttf.framework */; };
		20DD78151C80F13E00E70DC5 /* libexpat.tbd in Frameworks */ = {isa = PBXBuildFile; fileRef = 20DD78141C80F13E00E70DC5 /* libexpat.tbd */; };
/* End PBXBuildFile section */

/* Begin PBXCopyFilesBuildPhase section */
		205559DD1C7CEBC200E15BCF /* CopyFiles */ = {
			isa = PBXCopyFilesBuildPhase;
			buildActionMask = 2147483647;
			dstPath = /usr/share/man/man1/;
			dstSubfolderSpec = 0;
			files = (
			);
			runOnlyForDeploymentPostprocessing = 1;
		};
/* End PBXCopyFilesBuildPhase section */

/* Begin PBXFileReference section */
		205559DF1C7CEBC200E15BCF /* CPSC-4160-Project-2 */ = {isa = PBXFileReference; explicitFileType = "compiled.mach-o.executable"; includeInIndex = 0; path = "CPSC-4160-Project-2"; sourceTree = BUILT_PRODUCTS_DIR; };
		205559E21C7CEBC200E15BCF /* main.cpp */ = {isa = PBXFileReference; lastKnownFileType = sourcecode.cpp.cpp; path = main.cpp; sourceTree = "<group>"; };
		205559E91C7CEBE200E15BCF /* SDL_image.framework */ = {isa = PBXFileReference; lastKnownFileType = wrapper.framework; name = SDL_image.framework; path = ../../../../../../Library/Frameworks/SDL_image.framework; sourceTree = "<group>"; };
		205559EA1C7CEBE200E15BCF /* SDL.framework */ = {isa = PBXFileReference; lastKnownFileType = wrapper.framework; name = SDL.framework; path = ../../../../../../Library/Frameworks/SDL.framework; sourceTree = "<group>"; };
		205559ED1C7CEC8E00E15BCF /* parseXML.cpp */ = {isa = PBXFileReference; fileEncoding = 4; lastKnownFileType = sourcecode.cpp.cpp; path = parseXML.cpp; sourceTree = "<group>"; };
		205559EE1C7CEC8E00E15BCF /* parseXML.h */ = {isa = PBXFileReference; fileEncoding = 4; lastKnownFileType = sourcecode.c.h; lineEnding = 0; path = parseXML.h; sourceTree = "<group>"; xcLanguageSpecificationIdentifier = xcode.lang.cpp; };
		205559F01C7CED0C00E15BCF /* manager.cpp */ = {isa = PBXFileReference; fileEncoding = 4; lastKnownFileType = sourcecode.cpp.cpp; path = manager.cpp; sourceTree = "<group>"; };
		205559F11C7CED0C00E15BCF /* manager.h */ = {isa = PBXFileReference; fileEncoding = 4; lastKnownFileType = sourcecode.c.h; lineEnding = 0; path = manager.h; sourceTree = "<group>"; xcLanguageSpecificationIdentifier = xcode.lang.cpp; };
		205559F31C7CED1600E15BCF /* sprite.cpp */ = {isa = PBXFileReference; fileEncoding = 4; lastKnownFileType = sourcecode.cpp.cpp; lineEnding = 0; path = sprite.cpp; sourceTree = "<group>"; xcLanguageSpecificationIdentifier = xcode.lang.cpp; };
		205559F41C7CED1600E15BCF /* sprite.h */ = {isa = PBXFileReference; fileEncoding = 4; lastKnownFileType = sourcecode.c.h; lineEnding = 0; path = sprite.h; sourceTree = "<group>"; xcLanguageSpecificationIdentifier = xcode.lang.cpp; };
		205559F61C7CED1E00E15BCF /* clock.cpp */ = {isa = PBXFileReference; fileEncoding = 4; lastKnownFileType = sourcecode.cpp.cpp; path = clock.cpp; sourceTree = "<group>"; };
		205559F71C7CED1E00E15BCF /* clock.h */ = {isa = PBXFileReference; fileEncoding = 4; lastKnownFileType = sourcecode.c.h; lineEnding = 0; path = clock.h; sourceTree = "<group>"; xcLanguageSpecificationIdentifier = xcode.lang.cpp; };
		205559F91C7CED4500E15BCF /* gamedata.cpp */ = {isa = PBXFileReference; fileEncoding = 4; lastKnownFileType = sourcecode.cpp.cpp; lineEnding = 0; path = gamedata.cpp; sourceTree = "<group>"; xcLanguageSpecificationIdentifier = xcode.lang.cpp; };
		205559FA1C7CED4500E15BCF /* gamedata.h */ = {isa = PBXFileReference; fileEncoding = 4; lastKnownFileType = sourcecode.c.h; lineEnding = 0; path = gamedata.h; sourceTree = "<group>"; xcLanguageSpecificationIdentifier = xcode.lang.cpp; };
		205559FC1C7CED5300E15BCF /* ioManager.cpp */ = {isa = PBXFileReference; fileEncoding = 4; lastKnownFileType = sourcecode.cpp.cpp; lineEnding = 0; path = ioManager.cpp; sourceTree = "<group>"; xcLanguageSpecificationIdentifier = xcode.lang.cpp; };
		205559FD1C7CED5300E15BCF /* ioManager.h */ = {isa = PBXFileReference; fileEncoding = 4; lastKnownFileType = sourcecode.c.h; lineEnding = 0; path = ioManager.h; sourceTree = "<group>"; xcLanguageSpecificationIdentifier = xcode.lang.cpp; };
		205559FF1C7CED6400E15BCF /* multisprite.cpp */ = {isa = PBXFileReference; fileEncoding = 4; lastKnownFileType = sourcecode.cpp.cpp; lineEnding = 0; path = multisprite.cpp; sourceTree = "<group>"; xcLanguageSpecificationIdentifier = xcode.lang.cpp; };
		20555A001C7CED6400E15BCF /* multisprite.h */ = {isa = PBXFileReference; fileEncoding = 4; lastKnownFileType = sourcecode.c.h; lineEnding = 0; path = multisprite.h; sourceTree = "<group>"; xcLanguageSpecificationIdentifier = xcode.lang.cpp; };
		20555A021C7CED7200E15BCF /* vector2f.cpp */ = {isa = PBXFileReference; fileEncoding = 4; lastKnownFileType = sourcecode.cpp.cpp; lineEnding = 0; path = vector2f.cpp; sourceTree = "<group>"; xcLanguageSpecificationIdentifier = xcode.lang.cpp; };
		20555A031C7CED7200E15BCF /* vector2f.h */ = {isa = PBXFileReference; fileEncoding = 4; lastKnownFileType = sourcecode.c.h; lineEnding = 0; path = vector2f.h; sourceTree = "<group>"; xcLanguageSpecificationIdentifier = xcode.lang.cpp; };
		20555A051C7CED8000E15BCF /* viewport.cpp */ = {isa = PBXFileReference; fileEncoding = 4; lastKnownFileType = sourcecode.cpp.cpp; lineEnding = 0; path = viewport.cpp; sourceTree = "<group>"; xcLanguageSpecificationIdentifier = xcode.lang.cpp; };
		20555A061C7CED8000E15BCF /* viewport.h */ = {isa = PBXFileReference; fileEncoding = 4; lastKnownFileType = sourcecode.c.h; lineEnding = 0; path = viewport.h; sourceTree = "<group>"; xcLanguageSpecificationIdentifier = xcode.lang.cpp; };
		20555A081C7CED8A00E15BCF /* world.cpp */ = {isa = PBXFileReference; fileEncoding = 4; lastKnownFileType = sourcecode.cpp.cpp; lineEnding = 0; path = world.cpp; sourceTree = "<group>"; xcLanguageSpecificationIdentifier = xcode.lang.cpp; };
		20555A091C7CED8A00E15BCF /* world.h */ = {isa = PBXFileReference; fileEncoding = 4; lastKnownFileType = sourcecode.c.h; lineEnding = 0; path = world.h; sourceTree = "<group>"; xcLanguageSpecificationIdentifier = xcode.lang.cpp; };
		20555A0B1C7CEDC700E15BCF /* frameFactory.cpp */ = {isa = PBXFileReference; fileEncoding = 4; lastKnownFileType = sourcecode.cpp.cpp; path = frameFactory.cpp; sourceTree = "<group>"; };
		20555A0C1C7CEDC700E15BCF /* frameFactory.h */ = {isa = PBXFileReference; fileEncoding = 4; lastKnownFileType = sourcecode.c.h; path = frameFactory.h; sourceTree = "<group>"; };
		20555A0E1C7CEDDE00E15BCF /* frame.cpp */ = {isa = PBXFileReference; fileEncoding = 4; lastKnownFileType = sourcecode.cpp.cpp; path = frame.cpp; sourceTree = "<group>"; };
		20555A0F1C7CEDDE00E15BCF /* frame.h */ = {isa = PBXFileReference; fileEncoding = 4; lastKnownFileType = sourcecode.c.h; path = frame.h; sourceTree = "<group>"; };
		20555A111C7CEDEE00E15BCF /* extractSurface.cpp */ = {isa = PBXFileReference; fileEncoding = 4; lastKnownFileType = sourcecode.cpp.cpp; path = extractSurface.cpp; sourceTree = "<group>"; };
		20555A121C7CEDEE00E15BCF /* extractSurface.h */ = {isa = PBXFileReference; fileEncoding = 4; lastKnownFileType = sourcecode.c.h; path = extractSurface.h; sourceTree = "<group>"; };
		20555A151C7CEE0500E15BCF /* drawable.h */ = {isa = PBXFileReference; fileEncoding = 4; lastKnownFileType = sourcecode.c.h; lineEnding = 0; path = drawable.h; sourceTree = "<group>"; xcLanguageSpecificationIdentifier = xcode.lang.cpp; };
		20555A171C7CF8BD00E15BCF /* SDL_ttf.framework */ = {isa = PBXFileReference; lastKnownFileType = wrapper.framework; name = SDL_ttf.framework; path = ../../../../../../Library/Frameworks/SDL_ttf.framework; sourceTree = "<group>"; };
		20555A311C7CFC2700E15BCF /* game.xml */ = {isa = PBXFileReference; fileEncoding = 4; lastKnownFileType = text.xml; name = game.xml; path = "CPSC-4160-Project-2/xmlSpec/game.xml"; sourceTree = SOURCE_ROOT; };
		20555A321C7CFC2700E15BCF /* menu.xml */ = {isa = PBXFileReference; fileEncoding = 4; lastKnownFileType = text.xml; name = menu.xml; path = "CPSC-4160-Project-2/xmlSpec/menu.xml"; sourceTree = SOURCE_ROOT; };
		20555A331C7CFC6600E15BCF /* checkerboard.bmp */ = {isa = PBXFileReference; lastKnownFileType = image.bmp; name = checkerboard.bmp; path = "CPSC-4160-Project-2/images/checkerboard.bmp"; sourceTree = SOURCE_ROOT; };
		20555A341C7CFC6600E15BCF /* clickoff.png */ = {isa = PBXFileReference; lastKnownFileType = image.png; name = clickoff.png; path = "CPSC-4160-Project-2/images/clickoff.png"; sourceTree = SOURCE_ROOT; };
		20555A351C7CFC6600E15BCF /* clickon.png */ = {isa = PBXFileReference; lastKnownFileType = image.png; name = clickon.png; path = "CPSC-4160-Project-2/images/clickon.png"; sourceTree = SOURCE_ROOT; };
		20555A361C7CFC6600E15BCF /* greenball.bmp */ = {isa = PBXFileReference; lastKnownFileType = image.bmp; name = greenball.bmp; path = "CPSC-4160-Project-2/images/greenball.bmp"; sourceTree = SOURCE_ROOT; };
		20555A371C7CFC6600E15BCF /* greenball.png */ = {isa = PBXFileReference; lastKnownFileType = image.png; name = greenball.png; path = "CPSC-4160-Project-2/images/greenball.png"; sourceTree = SOURCE_ROOT; };
		20555A381C7CFC6600E15BCF /* greenball.svg */ = {isa = PBXFileReference; fileEncoding = 4; lastKnownFileType = text.xml; name = greenball.svg; path = "CPSC-4160-Project-2/images/greenball.svg"; sourceTree = SOURCE_ROOT; };
		20555A391C7CFC6600E15BCF /* redstar5.png */ = {isa = PBXFileReference; lastKnownFileType = image.png; name = redstar5.png; path = "CPSC-4160-Project-2/images/redstar5.png"; sourceTree = SOURCE_ROOT; };
		20555A3A1C7CFC6600E15BCF /* redstar10.png */ = {isa = PBXFileReference; lastKnownFileType = image.png; name = redstar10.png; path = "CPSC-4160-Project-2/images/redstar10.png"; sourceTree = SOURCE_ROOT; };
		20555A3B1C7CFC6600E15BCF /* redstar20.png */ = {isa = PBXFileReference; lastKnownFileType = image.png; name = redstar20.png; path = "CPSC-4160-Project-2/images/redstar20.png"; sourceTree = SOURCE_ROOT; };
		20555A3C1C7CFC6600E15BCF /* redstar32.png */ = {isa = PBXFileReference; lastKnownFileType = image.png; name = redstar32.png; path = "CPSC-4160-Project-2/images/redstar32.png"; sourceTree = SOURCE_ROOT; };
		20555A3D1C7CFC6600E15BCF /* smallstar.png */ = {isa = PBXFileReference; lastKnownFileType = image.png; name = smallstar.png; path = "CPSC-4160-Project-2/images/smallstar.png"; sourceTree = SOURCE_ROOT; };
		20555A3E1C7CFC6600E15BCF /* star.png */ = {isa = PBXFileReference; lastKnownFileType = image.png; name = star.png; path = "CPSC-4160-Project-2/images/star.png"; sourceTree = SOURCE_ROOT; };
		20555A3F1C7CFC6600E15BCF /* starryNight.png */ = {isa = PBXFileReference; lastKnownFileType = image.png; name = starryNight.png; path = "CPSC-4160-Project-2/images/starryNight.png"; sourceTree = SOURCE_ROOT; };
		20555A401C7CFC6600E15BCF /* starryNight.svg */ = {isa = PBXFileReference; fileEncoding = 4; lastKnownFileType = text.xml; name = starryNight.svg; path = "CPSC-4160-Project-2/images/starryNight.svg"; sourceTree = SOURCE_ROOT; };
		20555A411C7CFC6600E15BCF /* yellowstar32.png */ = {isa = PBXFileReference; lastKnownFileType = image.png; name = yellowstar32.png; path = "CPSC-4160-Project-2/images/yellowstar32.png"; sourceTree = SOURCE_ROOT; };
		20C807541C7CFCC000DEACF9 /* dyslexic-bold.otf */ = {isa = PBXFileReference; lastKnownFileType = file; name = "dyslexic-bold.otf"; path = "CPSC-4160-Project-2/font/dyslexic-bold.otf"; sourceTree = SOURCE_ROOT; };
		20C807551C7CFCC000DEACF9 /* dyslexic-regular.otf */ = {isa = PBXFileReference; lastKnownFileType = file; name = "dyslexic-regular.otf"; path = "CPSC-4160-Project-2/font/dyslexic-regular.otf"; sourceTree = SOURCE_ROOT; };
		20DD78141C80F13E00E70DC5 /* libexpat.tbd */ = {isa = PBXFileReference; lastKnownFileType = "sourcecode.text-based-dylib-definition"; name = libexpat.tbd; path = usr/lib/libexpat.tbd; sourceTree = SDKROOT; };
/* End PBXFileReference section */

/* Begin PBXFrameworksBuildPhase section */
		205559DC1C7CEBC200E15BCF /* Frameworks */ = {
			isa = PBXFrameworksBuildPhase;
			buildActionMask = 2147483647;
			files = (
				20DD78151C80F13E00E70DC5 /* libexpat.tbd in Frameworks */,
				20555A181C7CF8BD00E15BCF /* SDL_ttf.framework in Frameworks */,
				205559EB1C7CEBE200E15BCF /* SDL_image.framework in Frameworks */,
				205559EC1C7CEBE200E15BCF /* SDL.framework in Frameworks */,
			);
			runOnlyForDeploymentPostprocessing = 0;
		};
/* End PBXFrameworksBuildPhase section */

/* Begin PBXGroup section */
		205559D61C7CEBC200E15BCF = {
			isa = PBXGroup;
			children = (
				20DD78141C80F13E00E70DC5 /* libexpat.tbd */,
				20555A171C7CF8BD00E15BCF /* SDL_ttf.framework */,
				205559E91C7CEBE200E15BCF /* SDL_image.framework */,
				205559EA1C7CEBE200E15BCF /* SDL.framework */,
				205559E11C7CEBC200E15BCF /* CPSC-4160-Project-2 */,
			);
			sourceTree = "<group>";
		};
		205559E01C7CEBC200E15BCF /* Products */ = {
			isa = PBXGroup;
			children = (
				205559DF1C7CEBC200E15BCF /* CPSC-4160-Project-2 */,
			);
			name = Products;
			path = ..;
			sourceTree = "<group>";
		};
		205559E11C7CEBC200E15BCF /* CPSC-4160-Project-2 */ = {
			isa = PBXGroup;
			children = (
				20555A1E1C7CFA7400E15BCF /* images */,
				20555A1B1C7CFA6E00E15BCF /* xmlSpec */,
				20555A2E1C7CFA8000E15BCF /* font */,
				20555A191C7CFA6600E15BCF /* frames */,
				205559E21C7CEBC200E15BCF /* main.cpp */,
				205559F01C7CED0C00E15BCF /* manager.cpp */,
				205559F11C7CED0C00E15BCF /* manager.h */,
				205559F31C7CED1600E15BCF /* sprite.cpp */,
				205559F41C7CED1600E15BCF /* sprite.h */,
				205559F61C7CED1E00E15BCF /* clock.cpp */,
				205559F71C7CED1E00E15BCF /* clock.h */,
				205559F91C7CED4500E15BCF /* gamedata.cpp */,
				205559FA1C7CED4500E15BCF /* gamedata.h */,
				205559FC1C7CED5300E15BCF /* ioManager.cpp */,
				205559FD1C7CED5300E15BCF /* ioManager.h */,
				205559FF1C7CED6400E15BCF /* multisprite.cpp */,
				20555A001C7CED6400E15BCF /* multisprite.h */,
				20555A021C7CED7200E15BCF /* vector2f.cpp */,
				20555A031C7CED7200E15BCF /* vector2f.h */,
				20555A051C7CED8000E15BCF /* viewport.cpp */,
				20555A061C7CED8000E15BCF /* viewport.h */,
				20555A081C7CED8A00E15BCF /* world.cpp */,
				20555A091C7CED8A00E15BCF /* world.h */,
				20555A0B1C7CEDC700E15BCF /* frameFactory.cpp */,
				20555A0C1C7CEDC700E15BCF /* frameFactory.h */,
				20555A0E1C7CEDDE00E15BCF /* frame.cpp */,
				20555A0F1C7CEDDE00E15BCF /* frame.h */,
				20555A111C7CEDEE00E15BCF /* extractSurface.cpp */,
				20555A121C7CEDEE00E15BCF /* extractSurface.h */,
				20555A151C7CEE0500E15BCF /* drawable.h */,
				205559ED1C7CEC8E00E15BCF /* parseXML.cpp */,
				205559EE1C7CEC8E00E15BCF /* parseXML.h */,
				205559E01C7CEBC200E15BCF /* Products */,
			);
			path = "CPSC-4160-Project-2";
			sourceTree = "<group>";
		};
		20555A191C7CFA6600E15BCF /* frames */ = {
			isa = PBXGroup;
			children = (
			);
			name = frames;
			path = ../frames;
			sourceTree = "<group>";
		};
		20555A1B1C7CFA6E00E15BCF /* xmlSpec */ = {
			isa = PBXGroup;
			children = (
				20555A311C7CFC2700E15BCF /* game.xml */,
				20555A321C7CFC2700E15BCF /* menu.xml */,
			);
			name = xmlSpec;
			path = ../xmlSpec;
			sourceTree = "<group>";
		};
		20555A1E1C7CFA7400E15BCF /* images */ = {
			isa = PBXGroup;
			children = (
				20555A331C7CFC6600E15BCF /* checkerboard.bmp */,
				20555A341C7CFC6600E15BCF /* clickoff.png */,
				20555A351C7CFC6600E15BCF /* clickon.png */,
				20555A361C7CFC6600E15BCF /* greenball.bmp */,
				20555A371C7CFC6600E15BCF /* greenball.png */,
				20555A381C7CFC6600E15BCF /* greenball.svg */,
				20555A391C7CFC6600E15BCF /* redstar5.png */,
				20555A3A1C7CFC6600E15BCF /* redstar10.png */,
				20555A3B1C7CFC6600E15BCF /* redstar20.png */,
				20555A3C1C7CFC6600E15BCF /* redstar32.png */,
				20555A3D1C7CFC6600E15BCF /* smallstar.png */,
				20555A3E1C7CFC6600E15BCF /* star.png */,
				20555A3F1C7CFC6600E15BCF /* starryNight.png */,
				20555A401C7CFC6600E15BCF /* starryNight.svg */,
				20555A411C7CFC6600E15BCF /* yellowstar32.png */,
			);
			name = images;
			path = ../images;
			sourceTree = "<group>";
		};
		20555A2E1C7CFA8000E15BCF /* font */ = {
			isa = PBXGroup;
			children = (
				20C807541C7CFCC000DEACF9 /* dyslexic-bold.otf */,
				20C807551C7CFCC000DEACF9 /* dyslexic-regular.otf */,
			);
			name = font;
			path = ../font;
			sourceTree = "<group>";
		};
/* End PBXGroup section */

/* Begin PBXNativeTarget section */
		205559DE1C7CEBC200E15BCF /* CPSC-4160-Project-2 */ = {
			isa = PBXNativeTarget;
			buildConfigurationList = 205559E61C7CEBC200E15BCF /* Build configuration list for PBXNativeTarget "CPSC-4160-Project-2" */;
			buildPhases = (
				205559DB1C7CEBC200E15BCF /* Sources */,
				205559DC1C7CEBC200E15BCF /* Frameworks */,
				205559DD1C7CEBC200E15BCF /* CopyFiles */,
			);
			buildRules = (
			);
			dependencies = (
			);
			name = "CPSC-4160-Project-2";
			productName = "CPSC-4160-Project-2";
			productReference = 205559DF1C7CEBC200E15BCF /* CPSC-4160-Project-2 */;
			productType = "com.apple.product-type.tool";
		};
/* End PBXNativeTarget section */

/* Begin PBXProject section */
		205559D71C7CEBC200E15BCF /* Project object */ = {
			isa = PBXProject;
			attributes = {
				LastUpgradeCheck = 0720;
				ORGANIZATIONNAME = evandorn;
				TargetAttributes = {
					205559DE1C7CEBC200E15BCF = {
						CreatedOnToolsVersion = 7.2.1;
					};
				};
			};
			buildConfigurationList = 205559DA1C7CEBC200E15BCF /* Build configuration list for PBXProject "CPSC-4160-Project-2" */;
			compatibilityVersion = "Xcode 3.2";
			developmentRegion = English;
			hasScannedForEncodings = 0;
			knownRegions = (
				en,
			);
			mainGroup = 205559D61C7CEBC200E15BCF;
			productRefGroup = 205559E01C7CEBC200E15BCF /* Products */;
			projectDirPath = "";
			projectRoot = "";
			targets = (
				205559DE1C7CEBC200E15BCF /* CPSC-4160-Project-2 */,
			);
		};
/* End PBXProject section */

/* Begin PBXSourcesBuildPhase section */
		205559DB1C7CEBC200E15BCF /* Sources */ = {
			isa = PBXSourcesBuildPhase;
			buildActionMask = 2147483647;
			files = (
				20555A0D1C7CEDC700E15BCF /* frameFactory.cpp in Sources */,
				205559E31C7CEBC200E15BCF /* main.cpp in Sources */,
				20555A071C7CED8000E15BCF /* viewport.cpp in Sources */,
				20555A131C7CEDEE00E15BCF /* extractSurface.cpp in Sources */,
				205559F21C7CED0C00E15BCF /* manager.cpp in Sources */,
				20555A011C7CED6400E15BCF /* multisprite.cpp in Sources */,
				20555A0A1C7CED8A00E15BCF /* world.cpp in Sources */,
				20555A041C7CED7200E15BCF /* vector2f.cpp in Sources */,
				205559F51C7CED1600E15BCF /* sprite.cpp in Sources */,
				205559FE1C7CED5300E15BCF /* ioManager.cpp in Sources */,
				205559EF1C7CEC8E00E15BCF /* parseXML.cpp in Sources */,
				205559F81C7CED1E00E15BCF /* clock.cpp in Sources */,
				205559FB1C7CED4500E15BCF /* gamedata.cpp in Sources */,
				20555A101C7CEDDE00E15BCF /* frame.cpp in Sources */,
			);
			runOnlyForDeploymentPostprocessing = 0;
		};
/* End PBXSourcesBuildPhase section */

/* Begin XCBuildConfiguration section */
		205559E41C7CEBC200E15BCF /* Debug */ = {
			isa = XCBuildConfiguration;
			buildSettings = {
				ALWAYS_SEARCH_USER_PATHS = NO;
				CLANG_CXX_LANGUAGE_STANDARD = "gnu++0x";
				CLANG_CXX_LIBRARY = "libc++";
				CLANG_ENABLE_MODULES = YES;
				CLANG_ENABLE_OBJC_ARC = YES;
				CLANG_WARN_BOOL_CONVERSION = YES;
				CLANG_WARN_CONSTANT_CONVERSION = YES;
				CLANG_WARN_DIRECT_OBJC_ISA_USAGE = YES_ERROR;
				CLANG_WARN_EMPTY_BODY = YES;
				CLANG_WARN_ENUM_CONVERSION = YES;
				CLANG_WARN_INT_CONVERSION = YES;
				CLANG_WARN_OBJC_ROOT_CLASS = YES_ERROR;
				CLANG_WARN_UNREACHABLE_CODE = YES;
				CLANG_WARN__DUPLICATE_METHOD_MATCH = YES;
				CODE_SIGN_IDENTITY = "-";
				COPY_PHASE_STRIP = NO;
				DEBUG_INFORMATION_FORMAT = dwarf;
				ENABLE_STRICT_OBJC_MSGSEND = YES;
				ENABLE_TESTABILITY = YES;
				GCC_C_LANGUAGE_STANDARD = gnu99;
				GCC_DYNAMIC_NO_PIC = NO;
				GCC_NO_COMMON_BLOCKS = YES;
				GCC_OPTIMIZATION_LEVEL = 0;
				GCC_PREPROCESSOR_DEFINITIONS = (
					"DEBUG=1",
					"$(inherited)",
				);
				GCC_WARN_64_TO_32_BIT_CONVERSION = YES;
				GCC_WARN_ABOUT_RETURN_TYPE = YES_ERROR;
				GCC_WARN_UNDECLARED_SELECTOR = YES;
				GCC_WARN_UNINITIALIZED_AUTOS = YES_AGGRESSIVE;
				GCC_WARN_UNUSED_FUNCTION = YES;
				GCC_WARN_UNUSED_VARIABLE = YES;
				MACOSX_DEPLOYMENT_TARGET = 10.11;
				MTL_ENABLE_DEBUG_INFO = YES;
				ONLY_ACTIVE_ARCH = YES;
				SDKROOT = macosx;
			};
			name = Debug;
		};
		205559E51C7CEBC200E15BCF /* Release */ = {
			isa = XCBuildConfiguration;
			buildSettings = {
				ALWAYS_SEARCH_USER_PATHS = NO;
				CLANG_CXX_LANGUAGE_STANDARD = "gnu++0x";
				CLANG_CXX_LIBRARY = "libc++";
				CLANG_ENABLE_MODULES = YES;
				CLANG_ENABLE_OBJC_ARC = YES;
				CLANG_WARN_BOOL_CONVERSION = YES;
				CLANG_WARN_CONSTANT_CONVERSION = YES;
				CLANG_WARN_DIRECT_OBJC_ISA_USAGE = YES_ERROR;
				CLANG_WARN_EMPTY_BODY = YES;
				CLANG_WARN_ENUM_CONVERSION = YES;
				CLANG_WARN_INT_CONVERSION = YES;
				CLANG_WARN_OBJC_ROOT_CLASS = YES_ERROR;
				CLANG_WARN_UNREACHABLE_CODE = YES;
				CLANG_WARN__DUPLICATE_METHOD_MATCH = YES;
				CODE_SIGN_IDENTITY = "-";
				COPY_PHASE_STRIP = NO;
				DEBUG_INFORMATION_FORMAT = "dwarf-with-dsym";
				ENABLE_NS_ASSERTIONS = NO;
				ENABLE_STRICT_OBJC_MSGSEND = YES;
				GCC_C_LANGUAGE_STANDARD = gnu99;
				GCC_NO_COMMON_BLOCKS = YES;
				GCC_WARN_64_TO_32_BIT_CONVERSION = YES;
				GCC_WARN_ABOUT_RETURN_TYPE = YES_ERROR;
				GCC_WARN_UNDECLARED_SELECTOR = YES;
				GCC_WARN_UNINITIALIZED_AUTOS = YES_AGGRESSIVE;
				GCC_WARN_UNUSED_FUNCTION = YES;
				GCC_WARN_UNUSED_VARIABLE = YES;
				MACOSX_DEPLOYMENT_TARGET = 10.11;
				MTL_ENABLE_DEBUG_INFO = NO;
				SDKROOT = macosx;
			};
			name = Release;
		};
		205559E71C7CEBC200E15BCF /* Debug */ = {
			isa = XCBuildConfiguration;
			buildSettings = {
				FRAMEWORK_SEARCH_PATHS = (
					"$(inherited)",
					"$(LOCAL_LIBRARY_DIR)/Frameworks",
				);
				PRODUCT_NAME = "$(TARGET_NAME)";
			};
			name = Debug;
		};
		205559E81C7CEBC200E15BCF /* Release */ = {
			isa = XCBuildConfiguration;
			buildSettings = {
				FRAMEWORK_SEARCH_PATHS = (
					"$(inherited)",
					"$(LOCAL_LIBRARY_DIR)/Frameworks",
				);
				PRODUCT_NAME = "$(TARGET_NAME)";
			};
			name = Release;
		};
/* End XCBuildConfiguration section */

/* Begin XCConfigurationList section */
		205559DA1C7CEBC200E15BCF /* Build configuration list for PBXProject "CPSC-4160-Project-2" */ = {
			isa = XCConfigurationList;
			buildConfigurations = (
				205559E41C7CEBC200E15BCF /* Debug */,
				205559E51C7CEBC200E15BCF /* Release */,
			);
			defaultConfigurationIsVisible = 0;
			defaultConfigurationName = Release;
		};
		205559E61C7CEBC200E15BCF /* Build configuration list for PBXNativeTarget "CPSC-4160-Project-2" */ = {
			isa = XCConfigurationList;
			buildConfigurations = (
				205559E71C7CEBC200E15BCF /* Debug */,
				205559E81C7CEBC200E15BCF /* Release */,
			);
			defaultConfigurationIsVisible = 0;
			defaultConfigurationName = Release;
		};
/* End XCConfigurationList section */
	};
	rootObject = 205559D71C7CEBC200E15BCF /* Project object */;
}
